
Microsoft Visual Studio Solution File, Format Version 12.00
# Visual Studio Version 16
VisualStudioVersion = 16.0.30717.126
MinimumVisualStudioVersion = 10.0.40219.1
Project("{FAE04EC0-301F-11D3-BF4B-00C04F79EFBC}") = "HomeWork01", "HomeWork\HomeWork01.csproj", "{635F5C26-568B-407B-9165-E04E3771DAC7}"
EndProject
Project("{FAE04EC0-301F-11D3-BF4B-00C04F79EFBC}") = "HomeWork02", "HomeWork02\HomeWork02.csproj", "{CCF76EC4-ECD5-4E6B-97DC-2022793110E4}"
EndProject
Project("{FAE04EC0-301F-11D3-BF4B-00C04F79EFBC}") = "HomeWork03", "HomeWork03\HomeWork03.csproj", "{A27DEB34-7F2B-4719-94A5-51198274FEBC}"
EndProject
Project("{FAE04EC0-301F-11D3-BF4B-00C04F79EFBC}") = "HomeWork04", "HomeWork04\HomeWork04.csproj", "{0BFB83AF-8073-4421-822B-559B7CD850FE}"
EndProject
Project("{FAE04EC0-301F-11D3-BF4B-00C04F79EFBC}") = "HomeWork05", "HomeWork05\HomeWork05.csproj", "{002A03E2-26EA-49C3-8311-F4CF0D4AE297}"
EndProject
Project("{FAE04EC0-301F-11D3-BF4B-00C04F79EFBC}") = "HomeWork06", "HomeWork06\HomeWork06.csproj", "{96BC26F0-7BD7-465D-9D5C-D9F190F86F47}"
EndProject
Project("{FAE04EC0-301F-11D3-BF4B-00C04F79EFBC}") = "HomeWork07.02", "HomeWork07\HomeWork07.02.csproj", "{DC89D944-1F79-4C7D-91CF-3A76C4B4C709}"
EndProject
Project("{FAE04EC0-301F-11D3-BF4B-00C04F79EFBC}") = "HomeWork07.01", "HomeWork07.01\HomeWork07.01.csproj", "{3DF68ECF-BFF1-4A19-A59F-B381C1FB39F3}"
EndProject
Project("{2150E333-8FDC-42A3-9474-1A3956D46DE8}") = "HomeWork08", "HomeWork08", "{017A447E-4B81-4318-8D31-E95ADC045F87}"
EndProject
Project("{2150E333-8FDC-42A3-9474-1A3956D46DE8}") = "Задание №1", "Задание №1", "{858DBFC4-EB4B-4148-808D-03A71B4D447B}"
EndProject
Project("{FAE04EC0-301F-11D3-BF4B-00C04F79EFBC}") = "ReflectionDateTime", "ReflectionDateTime\ReflectionDateTime.csproj", "{87419037-FFDE-44E8-9D81-6A03076DCA87}"
EndProject
Project("{2150E333-8FDC-42A3-9474-1A3956D46DE8}") = "Задание №2", "Задание №2", "{E1A83969-EDD0-46DB-A887-AC181C0FE23A}"
EndProject
Project("{FAE04EC0-301F-11D3-BF4B-00C04F79EFBC}") = "HomeWork08", "HomeWork08\HomeWork08.csproj", "{CB063DC1-7F59-4CFD-8FE6-6A68EEB19E67}"
EndProject
Project("{2150E333-8FDC-42A3-9474-1A3956D46DE8}") = "Задание №3", "Задание №3", "{21F6C450-A5BB-40DA-A04B-A36557CD353C}"
EndProject
Project("{FAE04EC0-301F-11D3-BF4B-00C04F79EFBC}") = "TrueFalse", "TrueFalse\TrueFalse.csproj", "{36C86258-D61B-4EB8-A167-80F357BB3201}"
EndProject
Project("{2150E333-8FDC-42A3-9474-1A3956D46DE8}") = "HomeWork07", "HomeWork07", "{C9F2F0CE-A866-4CD0-BAAF-45C11BCAD187}"
EndProject
Project("{2150E333-8FDC-42A3-9474-1A3956D46DE8}") = "Задание №4", "Задание №4", "{BF6B0059-1D78-4D91-AC58-941028495C92}"
EndProject
Project("{FAE04EC0-301F-11D3-BF4B-00C04F79EFBC}") = "SpendMoney", "SpendMoney\SpendMoney.csproj", "{4648CA07-876E-40CF-BD57-BF10296D5EBA}"
EndProject
Global
	GlobalSection(SolutionConfigurationPlatforms) = preSolution
		Debug|Any CPU = Debug|Any CPU
		Release|Any CPU = Release|Any CPU
	EndGlobalSection
	GlobalSection(ProjectConfigurationPlatforms) = postSolution
		{635F5C26-568B-407B-9165-E04E3771DAC7}.Debug|Any CPU.ActiveCfg = Debug|Any CPU
		{635F5C26-568B-407B-9165-E04E3771DAC7}.Debug|Any CPU.Build.0 = Debug|Any CPU
		{635F5C26-568B-407B-9165-E04E3771DAC7}.Release|Any CPU.ActiveCfg = Release|Any CPU
		{635F5C26-568B-407B-9165-E04E3771DAC7}.Release|Any CPU.Build.0 = Release|Any CPU
		{CCF76EC4-ECD5-4E6B-97DC-2022793110E4}.Debug|Any CPU.ActiveCfg = Debug|Any CPU
		{CCF76EC4-ECD5-4E6B-97DC-2022793110E4}.Debug|Any CPU.Build.0 = Debug|Any CPU
		{CCF76EC4-ECD5-4E6B-97DC-2022793110E4}.Release|Any CPU.ActiveCfg = Release|Any CPU
		{CCF76EC4-ECD5-4E6B-97DC-2022793110E4}.Release|Any CPU.Build.0 = Release|Any CPU
		{A27DEB34-7F2B-4719-94A5-51198274FEBC}.Debug|Any CPU.ActiveCfg = Debug|Any CPU
		{A27DEB34-7F2B-4719-94A5-51198274FEBC}.Debug|Any CPU.Build.0 = Debug|Any CPU
		{A27DEB34-7F2B-4719-94A5-51198274FEBC}.Release|Any CPU.ActiveCfg = Release|Any CPU
		{A27DEB34-7F2B-4719-94A5-51198274FEBC}.Release|Any CPU.Build.0 = Release|Any CPU
		{0BFB83AF-8073-4421-822B-559B7CD850FE}.Debug|Any CPU.ActiveCfg = Debug|Any CPU
		{0BFB83AF-8073-4421-822B-559B7CD850FE}.Debug|Any CPU.Build.0 = Debug|Any CPU
		{0BFB83AF-8073-4421-822B-559B7CD850FE}.Release|Any CPU.ActiveCfg = Release|Any CPU
		{0BFB83AF-8073-4421-822B-559B7CD850FE}.Release|Any CPU.Build.0 = Release|Any CPU
		{002A03E2-26EA-49C3-8311-F4CF0D4AE297}.Debug|Any CPU.ActiveCfg = Debug|Any CPU
		{002A03E2-26EA-49C3-8311-F4CF0D4AE297}.Debug|Any CPU.Build.0 = Debug|Any CPU
		{002A03E2-26EA-49C3-8311-F4CF0D4AE297}.Release|Any CPU.ActiveCfg = Release|Any CPU
		{002A03E2-26EA-49C3-8311-F4CF0D4AE297}.Release|Any CPU.Build.0 = Release|Any CPU
		{96BC26F0-7BD7-465D-9D5C-D9F190F86F47}.Debug|Any CPU.ActiveCfg = Debug|Any CPU
		{96BC26F0-7BD7-465D-9D5C-D9F190F86F47}.Debug|Any CPU.Build.0 = Debug|Any CPU
		{96BC26F0-7BD7-465D-9D5C-D9F190F86F47}.Release|Any CPU.ActiveCfg = Release|Any CPU
		{96BC26F0-7BD7-465D-9D5C-D9F190F86F47}.Release|Any CPU.Build.0 = Release|Any CPU
		{DC89D944-1F79-4C7D-91CF-3A76C4B4C709}.Debug|Any CPU.ActiveCfg = Debug|Any CPU
		{DC89D944-1F79-4C7D-91CF-3A76C4B4C709}.Debug|Any CPU.Build.0 = Debug|Any CPU
		{DC89D944-1F79-4C7D-91CF-3A76C4B4C709}.Release|Any CPU.ActiveCfg = Release|Any CPU
		{DC89D944-1F79-4C7D-91CF-3A76C4B4C709}.Release|Any CPU.Build.0 = Release|Any CPU
		{3DF68ECF-BFF1-4A19-A59F-B381C1FB39F3}.Debug|Any CPU.ActiveCfg = Debug|Any CPU
		{3DF68ECF-BFF1-4A19-A59F-B381C1FB39F3}.Debug|Any CPU.Build.0 = Debug|Any CPU
		{3DF68ECF-BFF1-4A19-A59F-B381C1FB39F3}.Release|Any CPU.ActiveCfg = Release|Any CPU
		{3DF68ECF-BFF1-4A19-A59F-B381C1FB39F3}.Release|Any CPU.Build.0 = Release|Any CPU
		{87419037-FFDE-44E8-9D81-6A03076DCA87}.Debug|Any CPU.ActiveCfg = Debug|Any CPU
		{87419037-FFDE-44E8-9D81-6A03076DCA87}.Debug|Any CPU.Build.0 = Debug|Any CPU
		{87419037-FFDE-44E8-9D81-6A03076DCA87}.Release|Any CPU.ActiveCfg = Release|Any CPU
		{87419037-FFDE-44E8-9D81-6A03076DCA87}.Release|Any CPU.Build.0 = Release|Any CPU
		{CB063DC1-7F59-4CFD-8FE6-6A68EEB19E67}.Debug|Any CPU.ActiveCfg = Debug|Any CPU
		{CB063DC1-7F59-4CFD-8FE6-6A68EEB19E67}.Debug|Any CPU.Build.0 = Debug|Any CPU
		{CB063DC1-7F59-4CFD-8FE6-6A68EEB19E67}.Release|Any CPU.ActiveCfg = Release|Any CPU
		{CB063DC1-7F59-4CFD-8FE6-6A68EEB19E67}.Release|Any CPU.Build.0 = Release|Any CPU
		{36C86258-D61B-4EB8-A167-80F357BB3201}.Debug|Any CPU.ActiveCfg = Debug|Any CPU
		{36C86258-D61B-4EB8-A167-80F357BB3201}.Debug|Any CPU.Build.0 = Debug|Any CPU
		{36C86258-D61B-4EB8-A167-80F357BB3201}.Release|Any CPU.ActiveCfg = Release|Any CPU
		{36C86258-D61B-4EB8-A167-80F357BB3201}.Release|Any CPU.Build.0 = Release|Any CPU
		{4648CA07-876E-40CF-BD57-BF10296D5EBA}.Debug|Any CPU.ActiveCfg = Debug|Any CPU
		{4648CA07-876E-40CF-BD57-BF10296D5EBA}.Debug|Any CPU.Build.0 = Debug|Any CPU
		{4648CA07-876E-40CF-BD57-BF10296D5EBA}.Release|Any CPU.ActiveCfg = Release|Any CPU
		{4648CA07-876E-40CF-BD57-BF10296D5EBA}.Release|Any CPU.Build.0 = Release|Any CPU
	EndGlobalSection
	GlobalSection(SolutionProperties) = preSolution
		HideSolutionNode = FALSE
	EndGlobalSection
	GlobalSection(NestedProjects) = preSolution
		{DC89D944-1F79-4C7D-91CF-3A76C4B4C709} = {C9F2F0CE-A866-4CD0-BAAF-45C11BCAD187}
		{3DF68ECF-BFF1-4A19-A59F-B381C1FB39F3} = {C9F2F0CE-A866-4CD0-BAAF-45C11BCAD187}
		{858DBFC4-EB4B-4148-808D-03A71B4D447B} = {017A447E-4B81-4318-8D31-E95ADC045F87}
		{87419037-FFDE-44E8-9D81-6A03076DCA87} = {858DBFC4-EB4B-4148-808D-03A71B4D447B}
		{E1A83969-EDD0-46DB-A887-AC181C0FE23A} = {017A447E-4B81-4318-8D31-E95ADC045F87}
		{CB063DC1-7F59-4CFD-8FE6-6A68EEB19E67} = {E1A83969-EDD0-46DB-A887-AC181C0FE23A}
		{21F6C450-A5BB-40DA-A04B-A36557CD353C} = {017A447E-4B81-4318-8D31-E95ADC045F87}
		{36C86258-D61B-4EB8-A167-80F357BB3201} = {21F6C450-A5BB-40DA-A04B-A36557CD353C}
		{BF6B0059-1D78-4D91-AC58-941028495C92} = {017A447E-4B81-4318-8D31-E95ADC045F87}
		{4648CA07-876E-40CF-BD57-BF10296D5EBA} = {BF6B0059-1D78-4D91-AC58-941028495C92}
	EndGlobalSection
	GlobalSection(ExtensibilityGlobals) = postSolution
		SolutionGuid = {AF09E0A6-8989-4351-9EE2-E078178EC9FF}
	EndGlobalSection
EndGlobal
